
Microsoft Visual Studio Solution File, Format Version 12.00
# Visual Studio Version 17
VisualStudioVersion = 17.0.32014.148
MinimumVisualStudioVersion = 10.0.40219.1
Project("{9A19103F-16F7-4668-BE54-9A1E7A4F7556}") = "JMCore", "src\JMCore\JMCore.csproj", "{1B6DCC68-B772-4FBB-AFCC-568A0CD94574}"
EndProject
Project("{9A19103F-16F7-4668-BE54-9A1E7A4F7556}") = "JMCore.Server", "src\JMCore.Server\JMCore.Server.csproj", "{6806B2CF-E1BE-4BB1-9D8A-29C4B2AC93B2}"
EndProject
Project("{9A19103F-16F7-4668-BE54-9A1E7A4F7556}") = "JMCore.Tests", "test\JMCore.Tests\JMCore.Tests.csproj", "{43F71335-3BD5-451B-B5ED-25A5E4C7DD60}"
EndProject
Project("{FAE04EC0-301F-11D3-BF4B-00C04F79EFBC}") = "JMCore.TestsIntegrations", "test\JMCore.TestsIntegrations\JMCore.TestsIntegrations.csproj", "{957F1639-8466-4A35-B51B-D77A2A2BE5FF}"
EndProject
Project("{FAE04EC0-301F-11D3-BF4B-00C04F79EFBC}") = "JMCore.Client", "src\JMCore.Client\JMCore.Client.csproj", "{7C7046B7-E5C2-4BE4-860E-AE9ABE66D8FD}"
EndProject
Global
	GlobalSection(SolutionConfigurationPlatforms) = preSolution
		Debug|Any CPU = Debug|Any CPU
		Release|Any CPU = Release|Any CPU
	EndGlobalSection
	GlobalSection(ProjectConfigurationPlatforms) = postSolution
		{1B6DCC68-B772-4FBB-AFCC-568A0CD94574}.Debug|Any CPU.ActiveCfg = Debug|Any CPU
		{1B6DCC68-B772-4FBB-AFCC-568A0CD94574}.Debug|Any CPU.Build.0 = Debug|Any CPU
		{1B6DCC68-B772-4FBB-AFCC-568A0CD94574}.Release|Any CPU.ActiveCfg = Release|Any CPU
		{1B6DCC68-B772-4FBB-AFCC-568A0CD94574}.Release|Any CPU.Build.0 = Release|Any CPU
		{6806B2CF-E1BE-4BB1-9D8A-29C4B2AC93B2}.Debug|Any CPU.ActiveCfg = Debug|Any CPU
		{6806B2CF-E1BE-4BB1-9D8A-29C4B2AC93B2}.Debug|Any CPU.Build.0 = Debug|Any CPU
		{6806B2CF-E1BE-4BB1-9D8A-29C4B2AC93B2}.Release|Any CPU.ActiveCfg = Release|Any CPU
		{6806B2CF-E1BE-4BB1-9D8A-29C4B2AC93B2}.Release|Any CPU.Build.0 = Release|Any CPU
		{43F71335-3BD5-451B-B5ED-25A5E4C7DD60}.Debug|Any CPU.ActiveCfg = Debug|Any CPU
		{43F71335-3BD5-451B-B5ED-25A5E4C7DD60}.Debug|Any CPU.Build.0 = Debug|Any CPU
		{43F71335-3BD5-451B-B5ED-25A5E4C7DD60}.Release|Any CPU.ActiveCfg = Release|Any CPU
		{43F71335-3BD5-451B-B5ED-25A5E4C7DD60}.Release|Any CPU.Build.0 = Release|Any CPU
		{957F1639-8466-4A35-B51B-D77A2A2BE5FF}.Debug|Any CPU.ActiveCfg = Debug|Any CPU
		{957F1639-8466-4A35-B51B-D77A2A2BE5FF}.Debug|Any CPU.Build.0 = Debug|Any CPU
		{957F1639-8466-4A35-B51B-D77A2A2BE5FF}.Release|Any CPU.ActiveCfg = Release|Any CPU
		{957F1639-8466-4A35-B51B-D77A2A2BE5FF}.Release|Any CPU.Build.0 = Release|Any CPU
		{7C7046B7-E5C2-4BE4-860E-AE9ABE66D8FD}.Debug|Any CPU.ActiveCfg = Debug|Any CPU
		{7C7046B7-E5C2-4BE4-860E-AE9ABE66D8FD}.Debug|Any CPU.Build.0 = Debug|Any CPU
		{7C7046B7-E5C2-4BE4-860E-AE9ABE66D8FD}.Release|Any CPU.ActiveCfg = Release|Any CPU
		{7C7046B7-E5C2-4BE4-860E-AE9ABE66D8FD}.Release|Any CPU.Build.0 = Release|Any CPU
	EndGlobalSection
	GlobalSection(SolutionProperties) = preSolution
		HideSolutionNode = FALSE
	EndGlobalSection
	GlobalSection(ExtensibilityGlobals) = postSolution
		SolutionGuid = {4539B74E-C7AF-4310-8C79-24106B3B628E}
	EndGlobalSection
EndGlobal
